
Microsoft Visual Studio Solution File, Format Version 12.00
# Visual Studio Version 17
VisualStudioVersion = 17.13.35818.85 d17.13
MinimumVisualStudioVersion = 10.0.40219.1
Project("{8BC9CEB8-8B4A-11D0-8D11-00A0C91BC942}") = "Application", "Application\Application.vcxproj", "{E04634F0-7119-4CCE-8C71-E1D8BBB2CD48}"
EndProject
Project("{8BC9CEB8-8B4A-11D0-8D11-00A0C91BC942}") = "HyDemoApp", "HyDemoApp\HyDemoApp.vcxproj", "{BBAB9B61-FCFA-483E-9A17-B71E468070CC}"
EndProject
Global
	GlobalSection(SolutionConfigurationPlatforms) = preSolution
		Debug|x64 = Debug|x64
		Debug|x86 = Debug|x86
		Release|x64 = Release|x64
		Release|x86 = Release|x86
	EndGlobalSection
	GlobalSection(ProjectConfigurationPlatforms) = postSolution
		{E04634F0-7119-4CCE-8C71-E1D8BBB2CD48}.Debug|x64.ActiveCfg = Debug|x64
		{E04634F0-7119-4CCE-8C71-E1D8BBB2CD48}.Debug|x64.Build.0 = Debug|x64
		{E04634F0-7119-4CCE-8C71-E1D8BBB2CD48}.Debug|x86.ActiveCfg = Debug|Win32
		{E04634F0-7119-4CCE-8C71-E1D8BBB2CD48}.Debug|x86.Build.0 = Debug|Win32
		{E04634F0-7119-4CCE-8C71-E1D8BBB2CD48}.Release|x64.ActiveCfg = Release|x64
		{E04634F0-7119-4CCE-8C71-E1D8BBB2CD48}.Release|x64.Build.0 = Release|x64
		{E04634F0-7119-4CCE-8C71-E1D8BBB2CD48}.Release|x86.ActiveCfg = Release|Win32
		{E04634F0-7119-4CCE-8C71-E1D8BBB2CD48}.Release|x86.Build.0 = Release|Win32
		{BBAB9B61-FCFA-483E-9A17-B71E468070CC}.Debug|x64.ActiveCfg = Debug|x64
		{BBAB9B61-FCFA-483E-9A17-B71E468070CC}.Debug|x64.Build.0 = Debug|x64
		{BBAB9B61-FCFA-483E-9A17-B71E468070CC}.Debug|x86.ActiveCfg = Debug|Win32
		{BBAB9B61-FCFA-483E-9A17-B71E468070CC}.Debug|x86.Build.0 = Debug|Win32
		{BBAB9B61-FCFA-483E-9A17-B71E468070CC}.Release|x64.ActiveCfg = Release|x64
		{BBAB9B61-FCFA-483E-9A17-B71E468070CC}.Release|x64.Build.0 = Release|x64
		{BBAB9B61-FCFA-483E-9A17-B71E468070CC}.Release|x86.ActiveCfg = Release|Win32
		{BBAB9B61-FCFA-483E-9A17-B71E468070CC}.Release|x86.Build.0 = Release|Win32
	EndGlobalSection
	GlobalSection(SolutionProperties) = preSolution
		HideSolutionNode = FALSE
	EndGlobalSection
	GlobalSection(ExtensibilityGlobals) = postSolution
		SolutionGuid = {5CBEFAED-6E77-4DF5-84F2-5D0FDF708542}
	EndGlobalSection
EndGlobal
